
Microsoft Visual Studio Solution File, Format Version 12.00
# Visual Studio Version 16
VisualStudioVersion = 16.0.32802.440
MinimumVisualStudioVersion = 10.0.40219.1
Project("{FAE04EC0-301F-11D3-BF4B-00C04F79EFBC}") = "datingAppByAJA", "datingAppByAJA\datingAppByAJA.csproj", "{048236D1-384A-4F99-A82A-1E2A786E422A}"
EndProject
Global
	GlobalSection(SolutionConfigurationPlatforms) = preSolution
		Debug|Any CPU = Debug|Any CPU
		Release|Any CPU = Release|Any CPU
	EndGlobalSection
	GlobalSection(ProjectConfigurationPlatforms) = postSolution
		{048236D1-384A-4F99-A82A-1E2A786E422A}.Debug|Any CPU.ActiveCfg = Debug|Any CPU
		{048236D1-384A-4F99-A82A-1E2A786E422A}.Debug|Any CPU.Build.0 = Debug|Any CPU
		{048236D1-384A-4F99-A82A-1E2A786E422A}.Release|Any CPU.ActiveCfg = Release|Any CPU
		{048236D1-384A-4F99-A82A-1E2A786E422A}.Release|Any CPU.Build.0 = Release|Any CPU
	EndGlobalSection
	GlobalSection(SolutionProperties) = preSolution
		HideSolutionNode = FALSE
	EndGlobalSection
	GlobalSection(ExtensibilityGlobals) = postSolution
		SolutionGuid = {8F4E6179-B88A-488C-A433-F1B601B0D992}
	EndGlobalSection
EndGlobal
